
Microsoft Visual Studio Solution File, Format Version 12.00
# Visual Studio Version 16
VisualStudioVersion = 16.0.31129.286
MinimumVisualStudioVersion = 10.0.40219.1
Project("{FAE04EC0-301F-11D3-BF4B-00C04F79EFBC}") = "CerezciAdminPaneli", "CerezciAdminPaneli\CerezciAdminPaneli.csproj", "{5C1C87F3-42AA-459C-AEC8-BDAC1C572D95}"
EndProject
Project("{FAE04EC0-301F-11D3-BF4B-00C04F79EFBC}") = "Model", "Model\Model.csproj", "{EE9DEE13-9C0C-4285-8C5D-2ABB7F7AF7E1}"
EndProject
Global
	GlobalSection(SolutionConfigurationPlatforms) = preSolution
		Debug|Any CPU = Debug|Any CPU
		Release|Any CPU = Release|Any CPU
	EndGlobalSection
	GlobalSection(ProjectConfigurationPlatforms) = postSolution
		{5C1C87F3-42AA-459C-AEC8-BDAC1C572D95}.Debug|Any CPU.ActiveCfg = Debug|Any CPU
		{5C1C87F3-42AA-459C-AEC8-BDAC1C572D95}.Debug|Any CPU.Build.0 = Debug|Any CPU
		{5C1C87F3-42AA-459C-AEC8-BDAC1C572D95}.Release|Any CPU.ActiveCfg = Release|Any CPU
		{5C1C87F3-42AA-459C-AEC8-BDAC1C572D95}.Release|Any CPU.Build.0 = Release|Any CPU
		{EE9DEE13-9C0C-4285-8C5D-2ABB7F7AF7E1}.Debug|Any CPU.ActiveCfg = Debug|Any CPU
		{EE9DEE13-9C0C-4285-8C5D-2ABB7F7AF7E1}.Debug|Any CPU.Build.0 = Debug|Any CPU
		{EE9DEE13-9C0C-4285-8C5D-2ABB7F7AF7E1}.Release|Any CPU.ActiveCfg = Release|Any CPU
		{EE9DEE13-9C0C-4285-8C5D-2ABB7F7AF7E1}.Release|Any CPU.Build.0 = Release|Any CPU
	EndGlobalSection
	GlobalSection(SolutionProperties) = preSolution
		HideSolutionNode = FALSE
	EndGlobalSection
	GlobalSection(ExtensibilityGlobals) = postSolution
		SolutionGuid = {E1C1108D-EB56-4625-B81D-BF9DFEB400BE}
	EndGlobalSection
EndGlobal
